
Microsoft Visual Studio Solution File, Format Version 12.00
# Visual Studio Version 17
VisualStudioVersion = 17.0.31919.166
MinimumVisualStudioVersion = 10.0.40219.1
Project("{FAE04EC0-301F-11D3-BF4B-00C04F79EFBC}") = "c-sharp-demo-project", "c-sharp-demo-project.csproj", "{AAE35220-A813-40ED-8C4D-6ABCE198A39A}"
EndProject
Global
	GlobalSection(SolutionConfigurationPlatforms) = preSolution
		Debug|Any CPU = Debug|Any CPU
		Release|Any CPU = Release|Any CPU
	EndGlobalSection
	GlobalSection(ProjectConfigurationPlatforms) = postSolution
		{AAE35220-A813-40ED-8C4D-6ABCE198A39A}.Debug|Any CPU.ActiveCfg = Debug|Any CPU
		{AAE35220-A813-40ED-8C4D-6ABCE198A39A}.Debug|Any CPU.Build.0 = Debug|Any CPU
		{AAE35220-A813-40ED-8C4D-6ABCE198A39A}.Release|Any CPU.ActiveCfg = Release|Any CPU
		{AAE35220-A813-40ED-8C4D-6ABCE198A39A}.Release|Any CPU.Build.0 = Release|Any CPU
	EndGlobalSection
	GlobalSection(SolutionProperties) = preSolution
		HideSolutionNode = FALSE
	EndGlobalSection
	GlobalSection(ExtensibilityGlobals) = postSolution
		SolutionGuid = {74039491-04E1-462A-80E9-8818F67F2A9B}
	EndGlobalSection
EndGlobal
